// !$*UTF8*$!
{
	archiveVersion = 1;
	classes = {
	};
	objectVersion = 55;
	objects = {

/* Begin PBXBuildFile section */
		952793FA279B646D00B3CAE2 /* AppDelegate.swift in Sources */ = {isa = PBXBuildFile; fileRef = 952793F9279B646D00B3CAE2 /* AppDelegate.swift */; };
		952793FC279B646D00B3CAE2 /* SceneDelegate.swift in Sources */ = {isa = PBXBuildFile; fileRef = 952793FB279B646D00B3CAE2 /* SceneDelegate.swift */; };
		952793FE279B646D00B3CAE2 /* ViewController.swift in Sources */ = {isa = PBXBuildFile; fileRef = 952793FD279B646D00B3CAE2 /* ViewController.swift */; };
		95279401279B646D00B3CAE2 /* Main.storyboard in Resources */ = {isa = PBXBuildFile; fileRef = 952793FF279B646D00B3CAE2 /* Main.storyboard */; };
		95279404279B646D00B3CAE2 /* TravelMedia.xcdatamodeld in Sources */ = {isa = PBXBuildFile; fileRef = 95279402279B646D00B3CAE2 /* TravelMedia.xcdatamodeld */; };
		95279406279B646F00B3CAE2 /* Assets.xcassets in Resources */ = {isa = PBXBuildFile; fileRef = 95279405279B646F00B3CAE2 /* Assets.xcassets */; };
		95279409279B646F00B3CAE2 /* LaunchScreen.storyboard in Resources */ = {isa = PBXBuildFile; fileRef = 95279407279B646F00B3CAE2 /* LaunchScreen.storyboard */; };
		95279411279B67D300B3CAE2 /* MapViewController.swift in Sources */ = {isa = PBXBuildFile; fileRef = 95279410279B67D300B3CAE2 /* MapViewController.swift */; };
		95D67CF3279E07CE00DB3A90 /* TableViewModel.swift in Sources */ = {isa = PBXBuildFile; fileRef = 95D67CF2279E07CE00DB3A90 /* TableViewModel.swift */; };
/* End PBXBuildFile section */

/* Begin PBXFileReference section */
		952793F6279B646D00B3CAE2 /* TravelMedia.app */ = {isa = PBXFileReference; explicitFileType = wrapper.application; includeInIndex = 0; path = TravelMedia.app; sourceTree = BUILT_PRODUCTS_DIR; };
		952793F9279B646D00B3CAE2 /* AppDelegate.swift */ = {isa = PBXFileReference; lastKnownFileType = sourcecode.swift; path = AppDelegate.swift; sourceTree = "<group>"; };
		952793FB279B646D00B3CAE2 /* SceneDelegate.swift */ = {isa = PBXFileReference; lastKnownFileType = sourcecode.swift; path = SceneDelegate.swift; sourceTree = "<group>"; };
		952793FD279B646D00B3CAE2 /* ViewController.swift */ = {isa = PBXFileReference; lastKnownFileType = sourcecode.swift; path = ViewController.swift; sourceTree = "<group>"; };
		95279400279B646D00B3CAE2 /* Base */ = {isa = PBXFileReference; lastKnownFileType = file.storyboard; name = Base; path = Base.lproj/Main.storyboard; sourceTree = "<group>"; };
		95279403279B646D00B3CAE2 /* TravelMedia.xcdatamodel */ = {isa = PBXFileReference; lastKnownFileType = wrapper.xcdatamodel; path = TravelMedia.xcdatamodel; sourceTree = "<group>"; };
		95279405279B646F00B3CAE2 /* Assets.xcassets */ = {isa = PBXFileReference; lastKnownFileType = folder.assetcatalog; path = Assets.xcassets; sourceTree = "<group>"; };
		95279408279B646F00B3CAE2 /* Base */ = {isa = PBXFileReference; lastKnownFileType = file.storyboard; name = Base; path = Base.lproj/LaunchScreen.storyboard; sourceTree = "<group>"; };
		9527940A279B646F00B3CAE2 /* Info.plist */ = {isa = PBXFileReference; lastKnownFileType = text.plist.xml; path = Info.plist; sourceTree = "<group>"; };
		95279410279B67D300B3CAE2 /* MapViewController.swift */ = {isa = PBXFileReference; lastKnownFileType = sourcecode.swift; path = MapViewController.swift; sourceTree = "<group>"; };
		95D67CF2279E07CE00DB3A90 /* TableViewModel.swift */ = {isa = PBXFileReference; lastKnownFileType = sourcecode.swift; path = TableViewModel.swift; sourceTree = "<group>"; };
/* End PBXFileReference section */

/* Begin PBXFrameworksBuildPhase section */
		952793F3279B646D00B3CAE2 /* Frameworks */ = {
			isa = PBXFrameworksBuildPhase;
			buildActionMask = 2147483647;
			files = (
			);
			runOnlyForDeploymentPostprocessing = 0;
		};
/* End PBXFrameworksBuildPhase section */

/* Begin PBXGroup section */
		952793ED279B646D00B3CAE2 = {
			isa = PBXGroup;
			children = (
				952793F8279B646D00B3CAE2 /* TravelMedia */,
				952793F7279B646D00B3CAE2 /* Products */,
			);
			sourceTree = "<group>";
		};
		952793F7279B646D00B3CAE2 /* Products */ = {
			isa = PBXGroup;
			children = (
				952793F6279B646D00B3CAE2 /* TravelMedia.app */,
			);
			name = Products;
			sourceTree = "<group>";
		};
		952793F8279B646D00B3CAE2 /* TravelMedia */ = {
			isa = PBXGroup;
			children = (
				952793F9279B646D00B3CAE2 /* AppDelegate.swift */,
				952793FB279B646D00B3CAE2 /* SceneDelegate.swift */,
				952793FD279B646D00B3CAE2 /* ViewController.swift */,
				95279410279B67D300B3CAE2 /* MapViewController.swift */,
				952793FF279B646D00B3CAE2 /* Main.storyboard */,
				95279405279B646F00B3CAE2 /* Assets.xcassets */,
				95279407279B646F00B3CAE2 /* LaunchScreen.storyboard */,
				9527940A279B646F00B3CAE2 /* Info.plist */,
				95279402279B646D00B3CAE2 /* TravelMedia.xcdatamodeld */,
				95D67CF2279E07CE00DB3A90 /* TableViewModel.swift */,
			);
			path = TravelMedia;
			sourceTree = "<group>";
		};
/* End PBXGroup section */

/* Begin PBXNativeTarget section */
		952793F5279B646D00B3CAE2 /* TravelMedia */ = {
			isa = PBXNativeTarget;
			buildConfigurationList = 9527940D279B646F00B3CAE2 /* Build configuration list for PBXNativeTarget "TravelMedia" */;
			buildPhases = (
				952793F2279B646D00B3CAE2 /* Sources */,
				952793F3279B646D00B3CAE2 /* Frameworks */,
				952793F4279B646D00B3CAE2 /* Resources */,
			);
			buildRules = (
			);
			dependencies = (
			);
			name = TravelMedia;
			productName = TravelMedia;
			productReference = 952793F6279B646D00B3CAE2 /* TravelMedia.app */;
			productType = "com.apple.product-type.application";
		};
/* End PBXNativeTarget section */

/* Begin PBXProject section */
		952793EE279B646D00B3CAE2 /* Project object */ = {
			isa = PBXProject;
			attributes = {
				BuildIndependentTargetsInParallel = 1;
				LastSwiftUpdateCheck = 1310;
				LastUpgradeCheck = 1310;
				TargetAttributes = {
					952793F5279B646D00B3CAE2 = {
						CreatedOnToolsVersion = 13.1;
					};
				};
			};
			buildConfigurationList = 952793F1279B646D00B3CAE2 /* Build configuration list for PBXProject "TravelMedia" */;
			compatibilityVersion = "Xcode 13.0";
			developmentRegion = en;
			hasScannedForEncodings = 0;
			knownRegions = (
				en,
				Base,
			);
			mainGroup = 952793ED279B646D00B3CAE2;
			productRefGroup = 952793F7279B646D00B3CAE2 /* Products */;
			projectDirPath = "";
			projectRoot = "";
			targets = (
				952793F5279B646D00B3CAE2 /* TravelMedia */,
			);
		};
/* End PBXProject section */

/* Begin PBXResourcesBuildPhase section */
		952793F4279B646D00B3CAE2 /* Resources */ = {
			isa = PBXResourcesBuildPhase;
			buildActionMask = 2147483647;
			files = (
				95279409279B646F00B3CAE2 /* LaunchScreen.storyboard in Resources */,
				95279406279B646F00B3CAE2 /* Assets.xcassets in Resources */,
				95279401279B646D00B3CAE2 /* Main.storyboard in Resources */,
			);
			runOnlyForDeploymentPostprocessing = 0;
		};
/* End PBXResourcesBuildPhase section */

/* Begin PBXSourcesBuildPhase section */
		952793F2279B646D00B3CAE2 /* Sources */ = {
			isa = PBXSourcesBuildPhase;
			buildActionMask = 2147483647;
			files = (
				952793FE279B646D00B3CAE2 /* ViewController.swift in Sources */,
				952793FA279B646D00B3CAE2 /* AppDelegate.swift in Sources */,
				95279404279B646D00B3CAE2 /* TravelMedia.xcdatamodeld in Sources */,
				95D67CF3279E07CE00DB3A90 /* TableViewModel.swift in Sources */,
				95279411279B67D300B3CAE2 /* MapViewController.swift in Sources */,
				952793FC279B646D00B3CAE2 /* SceneDelegate.swift in Sources */,
			);
			runOnlyForDeploymentPostprocessing = 0;
		};
/* End PBXSourcesBuildPhase section */

/* Begin PBXVariantGroup section */
		952793FF279B646D00B3CAE2 /* Main.storyboard */ = {
			isa = PBXVariantGroup;
			children = (
				95279400279B646D00B3CAE2 /* Base */,
			);
			name = Main.storyboard;
			sourceTree = "<group>";
		};
		95279407279B646F00B3CAE2 /* LaunchScreen.storyboard */ = {
			isa = PBXVariantGroup;
			children = (
				95279408279B646F00B3CAE2 /* Base */,
			);
			name = LaunchScreen.storyboard;
			sourceTree = "<group>";
		};
/* End PBXVariantGroup section */

/* Begin XCBuildConfiguration section */
		9527940B279B646F00B3CAE2 /* Debug */ = {
			isa = XCBuildConfiguration;
			buildSettings = {
				ALWAYS_SEARCH_USER_PATHS = NO;
				CLANG_ANALYZER_NONNULL = YES;
				CLANG_ANALYZER_NUMBER_OBJECT_CONVERSION = YES_AGGRESSIVE;
				CLANG_CXX_LANGUAGE_STANDARD = "gnu++17";
				CLANG_CXX_LIBRARY = "libc++";
				CLANG_ENABLE_MODULES = YES;
				CLANG_ENABLE_OBJC_ARC = YES;
				CLANG_ENABLE_OBJC_WEAK = YES;
				CLANG_WARN_BLOCK_CAPTURE_AUTORELEASING = YES;
				CLANG_WARN_BOOL_CONVERSION = YES;
				CLANG_WARN_COMMA = YES;
				CLANG_WARN_CONSTANT_CONVERSION = YES;
				CLANG_WARN_DEPRECATED_OBJC_IMPLEMENTATIONS = YES;
				CLANG_WARN_DIRECT_OBJC_ISA_USAGE = YES_ERROR;
				CLANG_WARN_DOCUMENTATION_COMMENTS = YES;
				CLANG_WARN_EMPTY_BODY = YES;
				CLANG_WARN_ENUM_CONVERSION = YES;
				CLANG_WARN_INFINITE_RECURSION = YES;
				CLANG_WARN_INT_CONVERSION = YES;
				CLANG_WARN_NON_LITERAL_NULL_CONVERSION = YES;
				CLANG_WARN_OBJC_IMPLICIT_RETAIN_SELF = YES;
				CLANG_WARN_OBJC_LITERAL_CONVERSION = YES;
				CLANG_WARN_OBJC_ROOT_CLASS = YES_ERROR;
				CLANG_WARN_QUOTED_INCLUDE_IN_FRAMEWORK_HEADER = YES;
				CLANG_WARN_RANGE_LOOP_ANALYSIS = YES;
				CLANG_WARN_STRICT_PROTOTYPES = YES;
				CLANG_WARN_SUSPICIOUS_MOVE = YES;
				CLANG_WARN_UNGUARDED_AVAILABILITY = YES_AGGRESSIVE;
				CLANG_WARN_UNREACHABLE_CODE = YES;
				CLANG_WARN__DUPLICATE_METHOD_MATCH = YES;
				COPY_PHASE_STRIP = NO;
				DEBUG_INFORMATION_FORMAT = dwarf;
				ENABLE_STRICT_OBJC_MSGSEND = YES;
				ENABLE_TESTABILITY = YES;
				GCC_C_LANGUAGE_STANDARD = gnu11;
				GCC_DYNAMIC_NO_PIC = NO;
				GCC_NO_COMMON_BLOCKS = YES;
				GCC_OPTIMIZATION_LEVEL = 0;
				GCC_PREPROCESSOR_DEFINITIONS = (
					"DEBUG=1",
					"$(inherited)",
				);
				GCC_WARN_64_TO_32_BIT_CONVERSION = YES;
				GCC_WARN_ABOUT_RETURN_TYPE = YES_ERROR;
				GCC_WARN_UNDECLARED_SELECTOR = YES;
				GCC_WARN_UNINITIALIZED_AUTOS = YES_AGGRESSIVE;
				GCC_WARN_UNUSED_FUNCTION = YES;
				GCC_WARN_UNUSED_VARIABLE = YES;
				IPHONEOS_DEPLOYMENT_TARGET = 15.0;
				MTL_ENABLE_DEBUG_INFO = INCLUDE_SOURCE;
				MTL_FAST_MATH = YES;
				ONLY_ACTIVE_ARCH = YES;
				SDKROOT = iphoneos;
				SWIFT_ACTIVE_COMPILATION_CONDITIONS = DEBUG;
				SWIFT_OPTIMIZATION_LEVEL = "-Onone";
			};
			name = Debug;
		};
		9527940C279B646F00B3CAE2 /* Release */ = {
			isa = XCBuildConfiguration;
			buildSettings = {
				ALWAYS_SEARCH_USER_PATHS = NO;
				CLANG_ANALYZER_NONNULL = YES;
				CLANG_ANALYZER_NUMBER_OBJECT_CONVERSION = YES_AGGRESSIVE;
				CLANG_CXX_LANGUAGE_STANDARD = "gnu++17";
				CLANG_CXX_LIBRARY = "libc++";
				CLANG_ENABLE_MODULES = YES;
				CLANG_ENABLE_OBJC_ARC = YES;
				CLANG_ENABLE_OBJC_WEAK = YES;
				CLANG_WARN_BLOCK_CAPTURE_AUTORELEASING = YES;
				CLANG_WARN_BOOL_CONVERSION = YES;
				CLANG_WARN_COMMA = YES;
				CLANG_WARN_CONSTANT_CONVERSION = YES;
				CLANG_WARN_DEPRECATED_OBJC_IMPLEMENTATIONS = YES;
				CLANG_WARN_DIRECT_OBJC_ISA_USAGE = YES_ERROR;
				CLANG_WARN_DOCUMENTATION_COMMENTS = YES;
				CLANG_WARN_EMPTY_BODY = YES;
				CLANG_WARN_ENUM_CONVERSION = YES;
				CLANG_WARN_INFINITE_RECURSION = YES;
				CLANG_WARN_INT_CONVERSION = YES;
				CLANG_WARN_NON_LITERAL_NULL_CONVERSION = YES;
				CLANG_WARN_OBJC_IMPLICIT_RETAIN_SELF = YES;
				CLANG_WARN_OBJC_LITERAL_CONVERSION = YES;
				CLANG_WARN_OBJC_ROOT_CLASS = YES_ERROR;
				CLANG_WARN_QUOTED_INCLUDE_IN_FRAMEWORK_HEADER = YES;
				CLANG_WARN_RANGE_LOOP_ANALYSIS = YES;
				CLANG_WARN_STRICT_PROTOTYPES = YES;
				CLANG_WARN_SUSPICIOUS_MOVE = YES;
				CLANG_WARN_UNGUARDED_AVAILABILITY = YES_AGGRESSIVE;
				CLANG_WARN_UNREACHABLE_CODE = YES;
				CLANG_WARN__DUPLICATE_METHOD_MATCH = YES;
				COPY_PHASE_STRIP = NO;
				DEBUG_INFORMATION_FORMAT = "dwarf-with-dsym";
				ENABLE_NS_ASSERTIONS = NO;
				ENABLE_STRICT_OBJC_MSGSEND = YES;
				GCC_C_LANGUAGE_STANDARD = gnu11;
				GCC_NO_COMMON_BLOCKS = YES;
				GCC_WARN_64_TO_32_BIT_CONVERSION = YES;
				GCC_WARN_ABOUT_RETURN_TYPE = YES_ERROR;
				GCC_WARN_UNDECLARED_SELECTOR = YES;
				GCC_WARN_UNINITIALIZED_AUTOS = YES_AGGRESSIVE;
				GCC_WARN_UNUSED_FUNCTION = YES;
				GCC_WARN_UNUSED_VARIABLE = YES;
				IPHONEOS_DEPLOYMENT_TARGET = 15.0;
				MTL_ENABLE_DEBUG_INFO = NO;
				MTL_FAST_MATH = YES;
				SDKROOT = iphoneos;
				SWIFT_COMPILATION_MODE = wholemodule;
				SWIFT_OPTIMIZATION_LEVEL = "-O";
				VALIDATE_PRODUCT = YES;
			};
			name = Release;
		};
		9527940E279B646F00B3CAE2 /* Debug */ = {
			isa = XCBuildConfiguration;
			buildSettings = {
				ASSETCATALOG_COMPILER_APPICON_NAME = AppIcon;
				ASSETCATALOG_COMPILER_GLOBAL_ACCENT_COLOR_NAME = AccentColor;
				CODE_SIGN_STYLE = Automatic;
				CURRENT_PROJECT_VERSION = 1;
				DEVELOPMENT_TEAM = 745QZL96HT;
				GENERATE_INFOPLIST_FILE = YES;
				INFOPLIST_FILE = TravelMedia/Info.plist;
				INFOPLIST_KEY_UIApplicationSupportsIndirectInputEvents = YES;
				INFOPLIST_KEY_UILaunchStoryboardName = LaunchScreen;
				INFOPLIST_KEY_UIMainStoryboardFile = Main;
				INFOPLIST_KEY_UISupportedInterfaceOrientations = "UIInterfaceOrientationPortrait UIInterfaceOrientationLandscapeLeft UIInterfaceOrientationLandscapeRight";
				INFOPLIST_KEY_UISupportedInterfaceOrientations_iPad = "UIInterfaceOrientationPortrait UIInterfaceOrientationPortraitUpsideDown UIInterfaceOrientationLandscapeLeft UIInterfaceOrientationLandscapeRight";
				INFOPLIST_KEY_UISupportedInterfaceOrientations_iPhone = "UIInterfaceOrientationPortrait UIInterfaceOrientationLandscapeLeft UIInterfaceOrientationLandscapeRight";
				LD_RUNPATH_SEARCH_PATHS = (
					"$(inherited)",
					"@executable_path/Frameworks",
				);
				MARKETING_VERSION = 1.0;
				PRODUCT_BUNDLE_IDENTIFIER = com.combasoft.TravelMedia;
				PRODUCT_NAME = "$(TARGET_NAME)";
				SWIFT_EMIT_LOC_STRINGS = YES;
				SWIFT_VERSION = 5.0;
				TARGETED_DEVICE_FAMILY = "1,2";
			};
			name = Debug;
		};
		9527940F279B646F00B3CAE2 /* Release */ = {
			isa = XCBuildConfiguration;
			buildSettings = {
				ASSETCATALOG_COMPILER_APPICON_NAME = AppIcon;
				ASSETCATALOG_COMPILER_GLOBAL_ACCENT_COLOR_NAME = AccentColor;
				CODE_SIGN_STYLE = Automatic;
				CURRENT_PROJECT_VERSION = 1;
				DEVELOPMENT_TEAM = 745QZL96HT;
				GENERATE_INFOPLIST_FILE = YES;
				INFOPLIST_FILE = TravelMedia/Info.plist;
				INFOPLIST_KEY_UIApplicationSupportsIndirectInputEvents = YES;
				INFOPLIST_KEY_UILaunchStoryboardName = LaunchScreen;
				INFOPLIST_KEY_UIMainStoryboardFile = Main;
				INFOPLIST_KEY_UISupportedInterfaceOrientations = "UIInterfaceOrientationPortrait UIInterfaceOrientationLandscapeLeft UIInterfaceOrientationLandscapeRight";
				INFOPLIST_KEY_UISupportedInterfaceOrientations_iPad = "UIInterfaceOrientationPortrait UIInterfaceOrientationPortraitUpsideDown UIInterfaceOrientationLandscapeLeft UIInterfaceOrientationLandscapeRight";
				INFOPLIST_KEY_UISupportedInterfaceOrientations_iPhone = "UIInterfaceOrientationPortrait UIInterfaceOrientationLandscapeLeft UIInterfaceOrientationLandscapeRight";
				LD_RUNPATH_SEARCH_PATHS = (
					"$(inherited)",
					"@executable_path/Frameworks",
				);
				MARKETING_VERSION = 1.0;
				PRODUCT_BUNDLE_IDENTIFIER = com.combasoft.TravelMedia;
				PRODUCT_NAME = "$(TARGET_NAME)";
				SWIFT_EMIT_LOC_STRINGS = YES;
				SWIFT_VERSION = 5.0;
				TARGETED_DEVICE_FAMILY = "1,2";
			};
			name = Release;
		};
/* End XCBuildConfiguration section */

/* Begin XCConfigurationList section */
		952793F1279B646D00B3CAE2 /* Build configuration list for PBXProject "TravelMedia" */ = {
			isa = XCConfigurationList;
			buildConfigurations = (
				9527940B279B646F00B3CAE2 /* Debug */,
				9527940C279B646F00B3CAE2 /* Release */,
			);
			defaultConfigurationIsVisible = 0;
			defaultConfigurationName = Release;
		};
		9527940D279B646F00B3CAE2 /* Build configuration list for PBXNativeTarget "TravelMedia" */ = {
			isa = XCConfigurationList;
			buildConfigurations = (
				9527940E279B646F00B3CAE2 /* Debug */,
				9527940F279B646F00B3CAE2 /* Release */,
			);
			defaultConfigurationIsVisible = 0;
			defaultConfigurationName = Release;
		};
/* End XCConfigurationList section */

/* Begin XCVersionGroup section */
		95279402279B646D00B3CAE2 /* TravelMedia.xcdatamodeld */ = {
			isa = XCVersionGroup;
			children = (
				95279403279B646D00B3CAE2 /* TravelMedia.xcdatamodel */,
			);
			currentVersion = 95279403279B646D00B3CAE2 /* TravelMedia.xcdatamodel */;
			path = TravelMedia.xcdatamodeld;
			sourceTree = "<group>";
			versionGroupType = wrapper.xcdatamodel;
		};
/* End XCVersionGroup section */
	};
	rootObject = 952793EE279B646D00B3CAE2 /* Project object */;
}
